
Microsoft Visual Studio Solution File, Format Version 12.00
# Visual Studio Version 17
VisualStudioVersion = 17.14.36221.1
MinimumVisualStudioVersion = 10.0.40219.1
Project("{FAE04EC0-301F-11D3-BF4B-00C04F79EFBC}") = "pipelineProject", "pipelineProject\pipelineProject.csproj", "{A7313457-0E3F-419E-85BC-8B3890D57306}"
EndProject
Project("{FAE04EC0-301F-11D3-BF4B-00C04F79EFBC}") = "TestFantacy", "TestFantacy\TestFantacy.csproj", "{0AF37CE7-50E4-45CB-82F5-9496A197CD7B}"
EndProject
Project("{FAE04EC0-301F-11D3-BF4B-00C04F79EFBC}") = "pipelineProject.AppHost", "pipelineProject.AppHost\pipelineProject.AppHost.csproj", "{05FE4AE1-70D6-4E95-8CDC-107A963658DC}"
EndProject
Project("{FAE04EC0-301F-11D3-BF4B-00C04F79EFBC}") = "pipelineProject.ServiceDefaults", "pipelineProject.ServiceDefaults\pipelineProject.ServiceDefaults.csproj", "{D156FEF4-E178-2FD8-0D36-3CF8DA8B3357}"
EndProject
Global
	GlobalSection(SolutionConfigurationPlatforms) = preSolution
		Debug|Any CPU = Debug|Any CPU
		Release|Any CPU = Release|Any CPU
	EndGlobalSection
	GlobalSection(ProjectConfigurationPlatforms) = postSolution
		{A7313457-0E3F-419E-85BC-8B3890D57306}.Debug|Any CPU.ActiveCfg = Debug|Any CPU
		{A7313457-0E3F-419E-85BC-8B3890D57306}.Debug|Any CPU.Build.0 = Debug|Any CPU
		{A7313457-0E3F-419E-85BC-8B3890D57306}.Release|Any CPU.ActiveCfg = Release|Any CPU
		{A7313457-0E3F-419E-85BC-8B3890D57306}.Release|Any CPU.Build.0 = Release|Any CPU
		{0AF37CE7-50E4-45CB-82F5-9496A197CD7B}.Debug|Any CPU.ActiveCfg = Debug|Any CPU
		{0AF37CE7-50E4-45CB-82F5-9496A197CD7B}.Debug|Any CPU.Build.0 = Debug|Any CPU
		{0AF37CE7-50E4-45CB-82F5-9496A197CD7B}.Release|Any CPU.ActiveCfg = Release|Any CPU
		{0AF37CE7-50E4-45CB-82F5-9496A197CD7B}.Release|Any CPU.Build.0 = Release|Any CPU
		{05FE4AE1-70D6-4E95-8CDC-107A963658DC}.Debug|Any CPU.ActiveCfg = Debug|Any CPU
		{05FE4AE1-70D6-4E95-8CDC-107A963658DC}.Debug|Any CPU.Build.0 = Debug|Any CPU
		{05FE4AE1-70D6-4E95-8CDC-107A963658DC}.Release|Any CPU.ActiveCfg = Release|Any CPU
		{05FE4AE1-70D6-4E95-8CDC-107A963658DC}.Release|Any CPU.Build.0 = Release|Any CPU
		{D156FEF4-E178-2FD8-0D36-3CF8DA8B3357}.Debug|Any CPU.ActiveCfg = Debug|Any CPU
		{D156FEF4-E178-2FD8-0D36-3CF8DA8B3357}.Debug|Any CPU.Build.0 = Debug|Any CPU
		{D156FEF4-E178-2FD8-0D36-3CF8DA8B3357}.Release|Any CPU.ActiveCfg = Release|Any CPU
		{D156FEF4-E178-2FD8-0D36-3CF8DA8B3357}.Release|Any CPU.Build.0 = Release|Any CPU
	EndGlobalSection
	GlobalSection(SolutionProperties) = preSolution
		HideSolutionNode = FALSE
	EndGlobalSection
	GlobalSection(ExtensibilityGlobals) = postSolution
		SolutionGuid = {A678D714-3BD5-40C5-AE6B-E9679CC53AA0}
	EndGlobalSection
EndGlobal
